
Microsoft Visual Studio Solution File, Format Version 12.00
# Visual Studio Version 16
VisualStudioVersion = 16.0.30011.22
MinimumVisualStudioVersion = 10.0.40219.1
Project("{FAE04EC0-301F-11D3-BF4B-00C04F79EFBC}") = "validatequotes", "validatequotes.csproj", "{01617FCF-2D66-4C75-9B98-C93F02923D79}"
EndProject
Global
	GlobalSection(SolutionConfigurationPlatforms) = preSolution
		Debug|Any CPU = Debug|Any CPU
		Release|Any CPU = Release|Any CPU
	EndGlobalSection
	GlobalSection(ProjectConfigurationPlatforms) = postSolution
		{01617FCF-2D66-4C75-9B98-C93F02923D79}.Debug|Any CPU.ActiveCfg = Debug|Any CPU
		{01617FCF-2D66-4C75-9B98-C93F02923D79}.Debug|Any CPU.Build.0 = Debug|Any CPU
		{01617FCF-2D66-4C75-9B98-C93F02923D79}.Release|Any CPU.ActiveCfg = Release|Any CPU
		{01617FCF-2D66-4C75-9B98-C93F02923D79}.Release|Any CPU.Build.0 = Release|Any CPU
	EndGlobalSection
	GlobalSection(SolutionProperties) = preSolution
		HideSolutionNode = FALSE
	EndGlobalSection
	GlobalSection(ExtensibilityGlobals) = postSolution
		SolutionGuid = {08F0BF81-9952-4806-B566-34BCB7A329FA}
	EndGlobalSection
EndGlobal
