
Microsoft Visual Studio Solution File, Format Version 12.00
# Visual Studio Version 17
VisualStudioVersion = 17.2.32616.157
MinimumVisualStudioVersion = 10.0.40219.1
Project("{9A19103F-16F7-4668-BE54-9A1E7A4F7556}") = "ParseSgxQuote", "ParseSgxQuote.csproj", "{7AB4D16C-1BA8-45E8-8A6B-E3A125E80F17}"
EndProject
Project("{2150E333-8FDC-42A3-9474-1A3956D46DE8}") = "Solution Items", "Solution Items", "{E6296CD0-D513-4C9F-B4F2-C3DB9E1F58B5}"
	ProjectSection(SolutionItems) = preProject
		.editorconfig = .editorconfig
	EndProjectSection
EndProject
Global
	GlobalSection(SolutionConfigurationPlatforms) = preSolution
		Debug|Any CPU = Debug|Any CPU
		Release|Any CPU = Release|Any CPU
	EndGlobalSection
	GlobalSection(ProjectConfigurationPlatforms) = postSolution
		{7AB4D16C-1BA8-45E8-8A6B-E3A125E80F17}.Debug|Any CPU.ActiveCfg = Debug|Any CPU
		{7AB4D16C-1BA8-45E8-8A6B-E3A125E80F17}.Debug|Any CPU.Build.0 = Debug|Any CPU
		{7AB4D16C-1BA8-45E8-8A6B-E3A125E80F17}.Release|Any CPU.ActiveCfg = Release|Any CPU
		{7AB4D16C-1BA8-45E8-8A6B-E3A125E80F17}.Release|Any CPU.Build.0 = Release|Any CPU
	EndGlobalSection
	GlobalSection(SolutionProperties) = preSolution
		HideSolutionNode = FALSE
	EndGlobalSection
	GlobalSection(ExtensibilityGlobals) = postSolution
		SolutionGuid = {E41EC43A-1CF4-48A8-A2F4-FE1A017DF1CF}
	EndGlobalSection
EndGlobal
